{
  "version": 4,
  "terraform_version": "1.4.0",
  "serial": 15,
  "lineage": "47db0849-c263-bb6a-5bfa-5ea626a7a16a",
  "outputs": {},
  "resources": [
    {
      "mode": "managed",
      "type": "digitalocean_droplet",
      "name": "terraform_droplet",
      "provider": "provider[\"registry.terraform.io/digitalocean/digitalocean\"]",
      "instances": [
        {
          "status": "tainted",
          "schema_version": 1,
          "attributes": {
            "backups": false,
            "created_at": "2023-03-10T09:21:34Z",
            "disk": 25,
            "droplet_agent": null,
            "graceful_shutdown": false,
            "id": "344767166",
            "image": "ubuntu-20-04-x64",
            "ipv4_address": "159.65.250.72",
            "ipv4_address_private": "10.108.0.2",
            "ipv6": false,
            "ipv6_address": "",
            "locked": false,
            "memory": 1024,
            "monitoring": false,
            "name": "terraform-test",
            "price_hourly": 0.00893,
            "price_monthly": 6,
            "private_networking": true,
            "region": "nyc3",
            "resize_disk": true,
            "size": "s-1vcpu-1gb",
            "ssh_keys": [
              "37027269"
            ],
            "status": "active",
            "tags": null,
            "timeouts": null,
            "urn": "do:droplet:344767166",
            "user_data": null,
            "vcpus": 1,
            "volume_ids": [],
            "vpc_uuid": "735c14fc-cefb-489a-a000-3f2f05790852"
          },
          "sensitive_attributes": [],
          "private": "eyJlMmJmYjczMC1lY2FhLTExZTYtOGY4OC0zNDM2M2JjN2M0YzAiOnsiY3JlYXRlIjozNjAwMDAwMDAwMDAwLCJkZWxldGUiOjYwMDAwMDAwMDAwLCJ1cGRhdGUiOjM2MDAwMDAwMDAwMDB9LCJzY2hlbWFfdmVyc2lvbiI6IjEifQ=="
        }
      ]
    }
  ],
  "check_results": null
}
